
Microsoft Visual Studio Solution File, Format Version 12.00
# Visual Studio 15
VisualStudioVersion = 15.0.28307.2092
MinimumVisualStudioVersion = 10.0.40219.1
Project("{FAE04EC0-301F-11D3-BF4B-00C04F79EFBC}") = "ProfessionalCSharp", "ProfessionalCSharp\ProfessionalCSharp.csproj", "{86406522-9AC2-4099-B2B6-5FAD73B2B3E2}"
EndProject
Project("{2150E333-8FDC-42A3-9474-1A3956D46DE8}") = "2 - Chapter2", "2 - Chapter2", "{77674F37-A24A-4868-9EE8-A020915BE617}"
EndProject
Project("{FAE04EC0-301F-11D3-BF4B-00C04F79EFBC}") = "Chapter2", "Chapter2\Chapter2.csproj", "{815723F1-C874-44C4-9452-E7CF32DC6EB0}"
EndProject
Global
	GlobalSection(SolutionConfigurationPlatforms) = preSolution
		Debug|Any CPU = Debug|Any CPU
		Release|Any CPU = Release|Any CPU
	EndGlobalSection
	GlobalSection(ProjectConfigurationPlatforms) = postSolution
		{86406522-9AC2-4099-B2B6-5FAD73B2B3E2}.Debug|Any CPU.ActiveCfg = Debug|Any CPU
		{86406522-9AC2-4099-B2B6-5FAD73B2B3E2}.Debug|Any CPU.Build.0 = Debug|Any CPU
		{86406522-9AC2-4099-B2B6-5FAD73B2B3E2}.Release|Any CPU.ActiveCfg = Release|Any CPU
		{86406522-9AC2-4099-B2B6-5FAD73B2B3E2}.Release|Any CPU.Build.0 = Release|Any CPU
		{815723F1-C874-44C4-9452-E7CF32DC6EB0}.Debug|Any CPU.ActiveCfg = Debug|Any CPU
		{815723F1-C874-44C4-9452-E7CF32DC6EB0}.Debug|Any CPU.Build.0 = Debug|Any CPU
		{815723F1-C874-44C4-9452-E7CF32DC6EB0}.Release|Any CPU.ActiveCfg = Release|Any CPU
		{815723F1-C874-44C4-9452-E7CF32DC6EB0}.Release|Any CPU.Build.0 = Release|Any CPU
	EndGlobalSection
	GlobalSection(SolutionProperties) = preSolution
		HideSolutionNode = FALSE
	EndGlobalSection
	GlobalSection(NestedProjects) = preSolution
		{815723F1-C874-44C4-9452-E7CF32DC6EB0} = {77674F37-A24A-4868-9EE8-A020915BE617}
	EndGlobalSection
	GlobalSection(ExtensibilityGlobals) = postSolution
		SolutionGuid = {37E63C06-5AEC-4A7B-A4A1-85E008BA2A84}
	EndGlobalSection
EndGlobal
